# @generated - this file is auto-generated by `mise lock` https://mise.en.dev/dev-tools/mise-lock.html

[[tools."aqua:BurntSushi/ripgrep"]]
version = "15.1.0"
backend = "aqua:BurntSushi/ripgrep"

[tools."aqua:BurntSushi/ripgrep"."platforms.linux-arm64"]
checksum = "sha256:2b661c6ef508e902f388e9098d9c4c5aca72c87b55922d94abdba830b4dc885e"
url = "https://github.com/BurntSushi/ripgrep/releases/download/15.1.0/ripgrep-15.1.0-aarch64-unknown-linux-gnu.tar.gz"

[tools."aqua:BurntSushi/ripgrep"."platforms.linux-x64"]
checksum = "sha256:1c9297be4a084eea7ecaedf93eb03d058d6faae29bbc57ecdaf5063921491599"
url = "https://github.com/BurntSushi/ripgrep/releases/download/15.1.0/ripgrep-15.1.0-x86_64-unknown-linux-musl.tar.gz"

[tools."aqua:BurntSushi/ripgrep"."platforms.linux-x64-musl"]
checksum = "sha256:1c9297be4a084eea7ecaedf93eb03d058d6faae29bbc57ecdaf5063921491599"
url = "https://github.com/BurntSushi/ripgrep/releases/download/15.1.0/ripgrep-15.1.0-x86_64-unknown-linux-musl.tar.gz"

[tools."aqua:BurntSushi/ripgrep"."platforms.macos-arm64"]
checksum = "sha256:378e973289176ca0c6054054ee7f631a065874a352bf43f0fa60ef079b6ba715"
url = "https://github.com/BurntSushi/ripgrep/releases/download/15.1.0/ripgrep-15.1.0-aarch64-apple-darwin.tar.gz"

[tools."aqua:BurntSushi/ripgrep"."platforms.macos-x64"]
checksum = "sha256:64811cb24e77cac3057d6c40b63ac9becf9082eedd54ca411b475b755d334882"
url = "https://github.com/BurntSushi/ripgrep/releases/download/15.1.0/ripgrep-15.1.0-x86_64-apple-darwin.tar.gz"

[tools."aqua:BurntSushi/ripgrep"."platforms.windows-arm64"]
checksum = "sha256:124510b94b6baa3380d051fdf4650eaa80a302c876d611e9dba0b2e18d87493a"
url = "https://github.com/BurntSushi/ripgrep/releases/download/15.1.0/ripgrep-15.1.0-x86_64-pc-windows-msvc.zip"

[tools."aqua:BurntSushi/ripgrep"."platforms.windows-x64"]
checksum = "sha256:124510b94b6baa3380d051fdf4650eaa80a302c876d611e9dba0b2e18d87493a"
url = "https://github.com/BurntSushi/ripgrep/releases/download/15.1.0/ripgrep-15.1.0-x86_64-pc-windows-msvc.zip"

[[tools."aqua:aquasecurity/trivy"]]
version = "0.70.0"
backend = "aqua:aquasecurity/trivy"

[tools."aqua:aquasecurity/trivy"."platforms.linux-arm64"]
checksum = "sha256:2f6bb988b553a1bbac6bdd1ce890f5e412439564e17522b88a4541b4f364fc8d"
url = "https://github.com/aquasecurity/trivy/releases/download/v0.70.0/trivy_0.70.0_Linux-ARM64.tar.gz"
provenance = "cosign"

[tools."aqua:aquasecurity/trivy"."platforms.linux-arm64-musl"]
checksum = "sha256:2f6bb988b553a1bbac6bdd1ce890f5e412439564e17522b88a4541b4f364fc8d"
url = "https://github.com/aquasecurity/trivy/releases/download/v0.70.0/trivy_0.70.0_Linux-ARM64.tar.gz"
provenance = "cosign"

[tools."aqua:aquasecurity/trivy"."platforms.linux-x64"]
checksum = "sha256:8b4376d5d6befe5c24d503f10ff136d9e0c49f9127a4279fd110b727929a5aa9"
url = "https://github.com/aquasecurity/trivy/releases/download/v0.70.0/trivy_0.70.0_Linux-64bit.tar.gz"
provenance = "cosign"

[tools."aqua:aquasecurity/trivy"."platforms.linux-x64-musl"]
checksum = "sha256:8b4376d5d6befe5c24d503f10ff136d9e0c49f9127a4279fd110b727929a5aa9"
url = "https://github.com/aquasecurity/trivy/releases/download/v0.70.0/trivy_0.70.0_Linux-64bit.tar.gz"
provenance = "cosign"

[tools."aqua:aquasecurity/trivy"."platforms.macos-arm64"]
checksum = "sha256:68e543c51dcc96e1c344053a4fde9660cf602c25565d9f09dc17dd41e13b838a"
url = "https://github.com/aquasecurity/trivy/releases/download/v0.70.0/trivy_0.70.0_macOS-ARM64.tar.gz"
provenance = "cosign"

[tools."aqua:aquasecurity/trivy"."platforms.macos-x64"]
checksum = "sha256:52d531452b19e7593da29366007d02a810e1e0080d02f9cf6a1afb46c35aaa93"
url = "https://github.com/aquasecurity/trivy/releases/download/v0.70.0/trivy_0.70.0_macOS-64bit.tar.gz"
provenance = "cosign"

[tools."aqua:aquasecurity/trivy"."platforms.windows-arm64"]
checksum = "sha256:eea5442eab86f9e26cd718d7618d43899e72a83767619e8bee47911bddbfb825"
url = "https://github.com/aquasecurity/trivy/releases/download/v0.70.0/trivy_0.70.0_windows-64bit.zip"
provenance = "cosign"

[tools."aqua:aquasecurity/trivy"."platforms.windows-x64"]
checksum = "sha256:eea5442eab86f9e26cd718d7618d43899e72a83767619e8bee47911bddbfb825"
url = "https://github.com/aquasecurity/trivy/releases/download/v0.70.0/trivy_0.70.0_windows-64bit.zip"
provenance = "cosign"

[[tools."aqua:astral-sh/uv"]]
version = "0.11.16"
backend = "aqua:astral-sh/uv"

[tools."aqua:astral-sh/uv"."platforms.linux-arm64"]
checksum = "sha256:ac022d96411143b9a2dd75ea711fa8dd4cd14538bf248f2e5df3c10a80f7f6a4"
url = "https://github.com/astral-sh/uv/releases/download/0.11.16/uv-aarch64-unknown-linux-musl.tar.gz"
provenance = "github-attestations"

[tools."aqua:astral-sh/uv"."platforms.linux-arm64-musl"]
checksum = "sha256:ac022d96411143b9a2dd75ea711fa8dd4cd14538bf248f2e5df3c10a80f7f6a4"
url = "https://github.com/astral-sh/uv/releases/download/0.11.16/uv-aarch64-unknown-linux-musl.tar.gz"
provenance = "github-attestations"

[tools."aqua:astral-sh/uv"."platforms.linux-x64"]
checksum = "sha256:1bc4be1be0a000f893b0d1db97906cf392b63fa22fda9a0ecf33d0d4bbb4bc9a"
url = "https://github.com/astral-sh/uv/releases/download/0.11.16/uv-x86_64-unknown-linux-musl.tar.gz"
provenance = "github-attestations"

[tools."aqua:astral-sh/uv"."platforms.linux-x64-musl"]
checksum = "sha256:1bc4be1be0a000f893b0d1db97906cf392b63fa22fda9a0ecf33d0d4bbb4bc9a"
url = "https://github.com/astral-sh/uv/releases/download/0.11.16/uv-x86_64-unknown-linux-musl.tar.gz"
provenance = "github-attestations"

[tools."aqua:astral-sh/uv"."platforms.macos-arm64"]
checksum = "sha256:2b25be1af546be330b340b0a76b99f989daa6d92678fdffb87438e661e9d88fb"
url = "https://github.com/astral-sh/uv/releases/download/0.11.16/uv-aarch64-apple-darwin.tar.gz"
provenance = "github-attestations"

[tools."aqua:astral-sh/uv"."platforms.macos-x64"]
checksum = "sha256:6b91ae3de155f51bd1f5b74814821c79f016a176561f252cd9ddfb976939af2e"
url = "https://github.com/astral-sh/uv/releases/download/0.11.16/uv-x86_64-apple-darwin.tar.gz"
provenance = "github-attestations"

[tools."aqua:astral-sh/uv"."platforms.windows-arm64"]
checksum = "sha256:dd9d6d6554bfab265bfa98aa8e8a406c5c3a7b97582f93de1f4d48d9154a0395"
url = "https://github.com/astral-sh/uv/releases/download/0.11.16/uv-x86_64-pc-windows-msvc.zip"
provenance = "github-attestations"

[tools."aqua:astral-sh/uv"."platforms.windows-x64"]
checksum = "sha256:dd9d6d6554bfab265bfa98aa8e8a406c5c3a7b97582f93de1f4d48d9154a0395"
url = "https://github.com/astral-sh/uv/releases/download/0.11.16/uv-x86_64-pc-windows-msvc.zip"
provenance = "github-attestations"

[[tools."aqua:cargo-bins/cargo-binstall"]]
version = "1.19.1"
backend = "aqua:cargo-bins/cargo-binstall"

[tools."aqua:cargo-bins/cargo-binstall"."platforms.linux-arm64"]
checksum = "sha256:2001eee8da26705ad9627e57a25c23eb4639647521205f3e4a7b4e09d067d199"
url = "https://github.com/cargo-bins/cargo-binstall/releases/download/v1.19.1/cargo-binstall-aarch64-unknown-linux-musl.tgz"
provenance = "github-attestations"

[tools."aqua:cargo-bins/cargo-binstall"."platforms.linux-arm64-musl"]
checksum = "sha256:2001eee8da26705ad9627e57a25c23eb4639647521205f3e4a7b4e09d067d199"
url = "https://github.com/cargo-bins/cargo-binstall/releases/download/v1.19.1/cargo-binstall-aarch64-unknown-linux-musl.tgz"
provenance = "github-attestations"

[tools."aqua:cargo-bins/cargo-binstall"."platforms.linux-x64"]
checksum = "sha256:4a50fcf01418862e2fa8e4076cb6cb80ff4061b0c0b1464e71a63ce01ee29bde"
url = "https://github.com/cargo-bins/cargo-binstall/releases/download/v1.19.1/cargo-binstall-x86_64-unknown-linux-musl.tgz"
provenance = "github-attestations"

[tools."aqua:cargo-bins/cargo-binstall"."platforms.linux-x64-musl"]
checksum = "sha256:4a50fcf01418862e2fa8e4076cb6cb80ff4061b0c0b1464e71a63ce01ee29bde"
url = "https://github.com/cargo-bins/cargo-binstall/releases/download/v1.19.1/cargo-binstall-x86_64-unknown-linux-musl.tgz"
provenance = "github-attestations"

[tools."aqua:cargo-bins/cargo-binstall"."platforms.macos-arm64"]
checksum = "sha256:bf9da6a27e432784f361cfbc70a6d04e548abc548470ae9a7587c3cffb8fb0a7"
url = "https://github.com/cargo-bins/cargo-binstall/releases/download/v1.19.1/cargo-binstall-aarch64-apple-darwin.zip"
provenance = "github-attestations"

[tools."aqua:cargo-bins/cargo-binstall"."platforms.macos-x64"]
checksum = "sha256:39257851fe4fd8cc9dd81fb318f15d589b7178b74165879eddeda8062bd9fcf2"
url = "https://github.com/cargo-bins/cargo-binstall/releases/download/v1.19.1/cargo-binstall-x86_64-apple-darwin.zip"
provenance = "github-attestations"

[tools."aqua:cargo-bins/cargo-binstall"."platforms.windows-arm64"]
checksum = "sha256:e3c5225e8a84d55ed35741e22b4dee422d863f09a9eb2f2b12ab1013ee9dd148"
url = "https://github.com/cargo-bins/cargo-binstall/releases/download/v1.19.1/cargo-binstall-aarch64-pc-windows-msvc.zip"
provenance = "github-attestations"

[tools."aqua:cargo-bins/cargo-binstall"."platforms.windows-x64"]
checksum = "sha256:dd1f425c177aa1a57c9b17883ff76257f913a5f0afb35424f0767c6984164b7f"
url = "https://github.com/cargo-bins/cargo-binstall/releases/download/v1.19.1/cargo-binstall-x86_64-pc-windows-msvc.zip"
provenance = "github-attestations"

[[tools."aqua:cli/cli"]]
version = "2.92.0"
backend = "aqua:cli/cli"

[tools."aqua:cli/cli"."platforms.linux-arm64"]
checksum = "sha256:c2248526dd0160c08d3fccca2332c3c1a07c15a78b23978e77735f1b5a18cfee"
url = "https://github.com/cli/cli/releases/download/v2.92.0/gh_2.92.0_linux_arm64.tar.gz"
provenance = "github-attestations"

[tools."aqua:cli/cli"."platforms.linux-arm64-musl"]
checksum = "sha256:c2248526dd0160c08d3fccca2332c3c1a07c15a78b23978e77735f1b5a18cfee"
url = "https://github.com/cli/cli/releases/download/v2.92.0/gh_2.92.0_linux_arm64.tar.gz"
provenance = "github-attestations"

[tools."aqua:cli/cli"."platforms.linux-x64"]
checksum = "sha256:b57848131bdf0c229cd35e1f2a51aa718199858b2e728410b37e89a428943ec4"
url = "https://github.com/cli/cli/releases/download/v2.92.0/gh_2.92.0_linux_amd64.tar.gz"
provenance = "github-attestations"

[tools."aqua:cli/cli"."platforms.linux-x64-musl"]
checksum = "sha256:b57848131bdf0c229cd35e1f2a51aa718199858b2e728410b37e89a428943ec4"
url = "https://github.com/cli/cli/releases/download/v2.92.0/gh_2.92.0_linux_amd64.tar.gz"
provenance = "github-attestations"

[tools."aqua:cli/cli"."platforms.macos-arm64"]
checksum = "sha256:b11c54f6bd7d15ed6590475079e5b2fcf36f45d3991a80041b29c9d0cc1f1d07"
url = "https://github.com/cli/cli/releases/download/v2.92.0/gh_2.92.0_macOS_arm64.zip"
provenance = "github-attestations"

[tools."aqua:cli/cli"."platforms.macos-x64"]
checksum = "sha256:ae9bb327ab0d91071bdada79f8f14034a2a0f19b0e001835a782eafa519d2af0"
url = "https://github.com/cli/cli/releases/download/v2.92.0/gh_2.92.0_macOS_amd64.zip"
provenance = "github-attestations"

[tools."aqua:cli/cli"."platforms.windows-arm64"]
checksum = "sha256:fa4da50182f6d37a0555b4b48e828c57b1b23cbbd1a7e3a9ce6b65513f13836c"
url = "https://github.com/cli/cli/releases/download/v2.92.0/gh_2.92.0_windows_arm64.zip"
provenance = "github-attestations"

[tools."aqua:cli/cli"."platforms.windows-x64"]
checksum = "sha256:b6a8df3c8c6b9c80f290906387673bc4d272840f3789c5650e0e4e6e75522785"
url = "https://github.com/cli/cli/releases/download/v2.92.0/gh_2.92.0_windows_amd64.zip"
provenance = "github-attestations"

[[tools."aqua:crate-ci/typos"]]
version = "1.46.3"
backend = "aqua:crate-ci/typos"

[tools."aqua:crate-ci/typos"."platforms.linux-arm64"]
checksum = "sha256:3cbc11f8f476e07d8cef3dbd5c898d4e800b6c8a03c292ca4e0e571265958491"
url = "https://github.com/crate-ci/typos/releases/download/v1.46.3/typos-v1.46.3-aarch64-unknown-linux-musl.tar.gz"

[tools."aqua:crate-ci/typos"."platforms.linux-arm64-musl"]
checksum = "sha256:3cbc11f8f476e07d8cef3dbd5c898d4e800b6c8a03c292ca4e0e571265958491"
url = "https://github.com/crate-ci/typos/releases/download/v1.46.3/typos-v1.46.3-aarch64-unknown-linux-musl.tar.gz"

[tools."aqua:crate-ci/typos"."platforms.linux-x64"]
checksum = "sha256:a8b422b8ed79de732a31a705a9899e0a29124f8dc2f0a0f54dc127154ceb3b93"
url = "https://github.com/crate-ci/typos/releases/download/v1.46.3/typos-v1.46.3-x86_64-unknown-linux-musl.tar.gz"

[tools."aqua:crate-ci/typos"."platforms.linux-x64-musl"]
checksum = "sha256:a8b422b8ed79de732a31a705a9899e0a29124f8dc2f0a0f54dc127154ceb3b93"
url = "https://github.com/crate-ci/typos/releases/download/v1.46.3/typos-v1.46.3-x86_64-unknown-linux-musl.tar.gz"

[tools."aqua:crate-ci/typos"."platforms.macos-arm64"]
checksum = "sha256:503d4b0b2035d96fb286b5dc8594bda6a587cc76c1ad1022aa36a2634d42ae4b"
url = "https://github.com/crate-ci/typos/releases/download/v1.46.3/typos-v1.46.3-aarch64-apple-darwin.tar.gz"

[tools."aqua:crate-ci/typos"."platforms.macos-x64"]
checksum = "sha256:70da5d5753674df9411e9df417380bb085acb6dc5e140b4c4799443db4dee407"
url = "https://github.com/crate-ci/typos/releases/download/v1.46.3/typos-v1.46.3-x86_64-apple-darwin.tar.gz"

[tools."aqua:crate-ci/typos"."platforms.windows-arm64"]
checksum = "sha256:612c427950ad2d1939e8284f4d6af42d9ea5d185e98d535977d1ba94b0f14fdc"
url = "https://github.com/crate-ci/typos/releases/download/v1.46.3/typos-v1.46.3-x86_64-pc-windows-msvc.zip"

[tools."aqua:crate-ci/typos"."platforms.windows-x64"]
checksum = "sha256:612c427950ad2d1939e8284f4d6af42d9ea5d185e98d535977d1ba94b0f14fdc"
url = "https://github.com/crate-ci/typos/releases/download/v1.46.3/typos-v1.46.3-x86_64-pc-windows-msvc.zip"

[[tools."aqua:gitleaks/gitleaks"]]
version = "8.30.1"
backend = "aqua:gitleaks/gitleaks"

[tools."aqua:gitleaks/gitleaks"."platforms.linux-arm64"]
checksum = "sha256:e4a487ee7ccd7d3a7f7ec08657610aa3606637dab924210b3aee62570fb4b080"
url = "https://github.com/gitleaks/gitleaks/releases/download/v8.30.1/gitleaks_8.30.1_linux_arm64.tar.gz"

[tools."aqua:gitleaks/gitleaks"."platforms.linux-arm64-musl"]
checksum = "sha256:e4a487ee7ccd7d3a7f7ec08657610aa3606637dab924210b3aee62570fb4b080"
url = "https://github.com/gitleaks/gitleaks/releases/download/v8.30.1/gitleaks_8.30.1_linux_arm64.tar.gz"

[tools."aqua:gitleaks/gitleaks"."platforms.linux-x64"]
checksum = "sha256:551f6fc83ea457d62a0d98237cbad105af8d557003051f41f3e7ca7b3f2470eb"
url = "https://github.com/gitleaks/gitleaks/releases/download/v8.30.1/gitleaks_8.30.1_linux_x64.tar.gz"

[tools."aqua:gitleaks/gitleaks"."platforms.linux-x64-musl"]
checksum = "sha256:551f6fc83ea457d62a0d98237cbad105af8d557003051f41f3e7ca7b3f2470eb"
url = "https://github.com/gitleaks/gitleaks/releases/download/v8.30.1/gitleaks_8.30.1_linux_x64.tar.gz"

[tools."aqua:gitleaks/gitleaks"."platforms.macos-arm64"]
checksum = "sha256:b40ab0ae55c505963e365f271a8d3846efbc170aa17f2607f13df610a9aeb6a5"
url = "https://github.com/gitleaks/gitleaks/releases/download/v8.30.1/gitleaks_8.30.1_darwin_arm64.tar.gz"

[tools."aqua:gitleaks/gitleaks"."platforms.macos-x64"]
checksum = "sha256:dfe101a4db2255fc85120ac7f3d25e4342c3c20cf749f2c20a18081af1952709"
url = "https://github.com/gitleaks/gitleaks/releases/download/v8.30.1/gitleaks_8.30.1_darwin_x64.tar.gz"

[tools."aqua:gitleaks/gitleaks"."platforms.windows-arm64"]
checksum = "sha256:d29144deff3a68aa93ced33dddf84b7fdc26070add4aa0f4513094c8332afc4e"
url = "https://github.com/gitleaks/gitleaks/releases/download/v8.30.1/gitleaks_8.30.1_windows_x64.zip"

[tools."aqua:gitleaks/gitleaks"."platforms.windows-x64"]
checksum = "sha256:d29144deff3a68aa93ced33dddf84b7fdc26070add4aa0f4513094c8332afc4e"
url = "https://github.com/gitleaks/gitleaks/releases/download/v8.30.1/gitleaks_8.30.1_windows_x64.zip"

[[tools."aqua:google/yamlfmt"]]
version = "0.21.0"
backend = "aqua:google/yamlfmt"

[tools."aqua:google/yamlfmt"."platforms.linux-arm64"]
checksum = "sha256:5b2689c963b177271330c5ce8ca7396751107e5a826be46f03d2cb9b6f0c7784"
url = "https://github.com/google/yamlfmt/releases/download/v0.21.0/yamlfmt_0.21.0_Linux_arm64.tar.gz"

[tools."aqua:google/yamlfmt"."platforms.linux-arm64-musl"]
checksum = "sha256:5b2689c963b177271330c5ce8ca7396751107e5a826be46f03d2cb9b6f0c7784"
url = "https://github.com/google/yamlfmt/releases/download/v0.21.0/yamlfmt_0.21.0_Linux_arm64.tar.gz"

[tools."aqua:google/yamlfmt"."platforms.linux-x64"]
checksum = "sha256:1f300d9257b232bb3b541d7fb1b0e6b3c121bcbab381c86cd38cb8722be8a566"
url = "https://github.com/google/yamlfmt/releases/download/v0.21.0/yamlfmt_0.21.0_Linux_x86_64.tar.gz"

[tools."aqua:google/yamlfmt"."platforms.linux-x64-musl"]
checksum = "sha256:1f300d9257b232bb3b541d7fb1b0e6b3c121bcbab381c86cd38cb8722be8a566"
url = "https://github.com/google/yamlfmt/releases/download/v0.21.0/yamlfmt_0.21.0_Linux_x86_64.tar.gz"

[tools."aqua:google/yamlfmt"."platforms.macos-arm64"]
checksum = "sha256:4b417ecb94339d57e4c122ecc948c1a00fe328b5853266de9806e652a92858fa"
url = "https://github.com/google/yamlfmt/releases/download/v0.21.0/yamlfmt_0.21.0_Darwin_arm64.tar.gz"

[tools."aqua:google/yamlfmt"."platforms.macos-x64"]
checksum = "sha256:060e943bcb8583c456810eb1ff4721b4f46c4a0c1a4432449d5dc3bbfe29a22b"
url = "https://github.com/google/yamlfmt/releases/download/v0.21.0/yamlfmt_0.21.0_Darwin_x86_64.tar.gz"

[tools."aqua:google/yamlfmt"."platforms.windows-arm64"]
checksum = "sha256:c1e64d1c72ca8986bc5b8c8edd4ec89f0627804e7e08f8de9f4b484cb5cad897"
url = "https://github.com/google/yamlfmt/releases/download/v0.21.0/yamlfmt_0.21.0_Windows_arm64.tar.gz"

[tools."aqua:google/yamlfmt"."platforms.windows-x64"]
checksum = "sha256:07f80ce5d741eb4b0a9380ac78a19c7cb5bd44e2a9a47a5a04839e3ba54dd463"
url = "https://github.com/google/yamlfmt/releases/download/v0.21.0/yamlfmt_0.21.0_Windows_x86_64.tar.gz"

[[tools."aqua:jqlang/jq"]]
version = "1.8.1"
backend = "aqua:jqlang/jq"

[tools."aqua:jqlang/jq"."platforms.linux-arm64"]
checksum = "sha256:6bc62f25981328edd3cfcfe6fe51b073f2d7e7710d7ef7fcdac28d4e384fc3d4"
url = "https://github.com/jqlang/jq/releases/download/jq-1.8.1/jq-linux-arm64"
provenance = "github-attestations"

[tools."aqua:jqlang/jq"."platforms.linux-arm64-musl"]
checksum = "sha256:6bc62f25981328edd3cfcfe6fe51b073f2d7e7710d7ef7fcdac28d4e384fc3d4"
url = "https://github.com/jqlang/jq/releases/download/jq-1.8.1/jq-linux-arm64"
provenance = "github-attestations"

[tools."aqua:jqlang/jq"."platforms.linux-x64"]
checksum = "sha256:020468de7539ce70ef1bceaf7cde2e8c4f2ca6c3afb84642aabc5c97d9fc2a0d"
url = "https://github.com/jqlang/jq/releases/download/jq-1.8.1/jq-linux-amd64"
provenance = "github-attestations"

[tools."aqua:jqlang/jq"."platforms.linux-x64-musl"]
checksum = "sha256:020468de7539ce70ef1bceaf7cde2e8c4f2ca6c3afb84642aabc5c97d9fc2a0d"
url = "https://github.com/jqlang/jq/releases/download/jq-1.8.1/jq-linux-amd64"
provenance = "github-attestations"

[tools."aqua:jqlang/jq"."platforms.macos-arm64"]
checksum = "sha256:a9fe3ea2f86dfc72f6728417521ec9067b343277152b114f4e98d8cb0e263603"
url = "https://github.com/jqlang/jq/releases/download/jq-1.8.1/jq-macos-arm64"
provenance = "github-attestations"

[tools."aqua:jqlang/jq"."platforms.macos-x64"]
checksum = "sha256:e80dbe0d2a2597e3c11c404f03337b981d74b4a8504b70586c354b7697a7c27f"
url = "https://github.com/jqlang/jq/releases/download/jq-1.8.1/jq-macos-amd64"
provenance = "github-attestations"

[tools."aqua:jqlang/jq"."platforms.windows-arm64"]
checksum = "sha256:23cb60a1354eed6bcc8d9b9735e8c7b388cd1fdcb75726b93bc299ef22dd9334"
url = "https://github.com/jqlang/jq/releases/download/jq-1.8.1/jq-windows-amd64.exe"
provenance = "github-attestations"

[tools."aqua:jqlang/jq"."platforms.windows-x64"]
checksum = "sha256:23cb60a1354eed6bcc8d9b9735e8c7b388cd1fdcb75726b93bc299ef22dd9334"
url = "https://github.com/jqlang/jq/releases/download/jq-1.8.1/jq-windows-amd64.exe"
provenance = "github-attestations"

[[tools."aqua:pinterest/ktlint"]]
version = "1.8.0"
backend = "aqua:pinterest/ktlint"

[tools."aqua:pinterest/ktlint"."platforms.linux-arm64"]
checksum = "sha256:3722801dd119b96a2fbeda0b9d66f173994f249998c87bcf2274b51977aa8f77"
url = "https://github.com/ktlint/ktlint/releases/download/1.8.0/ktlint-1.8.0.zip"

[tools."aqua:pinterest/ktlint"."platforms.linux-arm64-musl"]
checksum = "sha256:3722801dd119b96a2fbeda0b9d66f173994f249998c87bcf2274b51977aa8f77"
url = "https://github.com/ktlint/ktlint/releases/download/1.8.0/ktlint-1.8.0.zip"

[tools."aqua:pinterest/ktlint"."platforms.linux-x64"]
checksum = "sha256:3722801dd119b96a2fbeda0b9d66f173994f249998c87bcf2274b51977aa8f77"
url = "https://github.com/ktlint/ktlint/releases/download/1.8.0/ktlint-1.8.0.zip"

[tools."aqua:pinterest/ktlint"."platforms.linux-x64-musl"]
checksum = "sha256:3722801dd119b96a2fbeda0b9d66f173994f249998c87bcf2274b51977aa8f77"
url = "https://github.com/ktlint/ktlint/releases/download/1.8.0/ktlint-1.8.0.zip"

[tools."aqua:pinterest/ktlint"."platforms.macos-arm64"]
checksum = "sha256:3722801dd119b96a2fbeda0b9d66f173994f249998c87bcf2274b51977aa8f77"
url = "https://github.com/ktlint/ktlint/releases/download/1.8.0/ktlint-1.8.0.zip"

[tools."aqua:pinterest/ktlint"."platforms.macos-x64"]
checksum = "sha256:3722801dd119b96a2fbeda0b9d66f173994f249998c87bcf2274b51977aa8f77"
url = "https://github.com/ktlint/ktlint/releases/download/1.8.0/ktlint-1.8.0.zip"

[tools."aqua:pinterest/ktlint"."platforms.windows-arm64"]
checksum = "sha256:3722801dd119b96a2fbeda0b9d66f173994f249998c87bcf2274b51977aa8f77"
url = "https://github.com/ktlint/ktlint/releases/download/1.8.0/ktlint-1.8.0.zip"

[tools."aqua:pinterest/ktlint"."platforms.windows-x64"]
checksum = "sha256:3722801dd119b96a2fbeda0b9d66f173994f249998c87bcf2274b51977aa8f77"
url = "https://github.com/ktlint/ktlint/releases/download/1.8.0/ktlint-1.8.0.zip"

[[tools."aqua:realm/SwiftLint"]]
version = "0.63.3"
backend = "aqua:realm/SwiftLint"

[tools."aqua:realm/SwiftLint"."platforms.linux-arm64"]
checksum = "sha256:d5efcbed5ec1ca9eb7f833dfdd9f80f56289750b72582c7c1686b4528e182454"
url = "https://github.com/realm/SwiftLint/releases/download/0.63.3/swiftlint_linux_arm64.zip"

[tools."aqua:realm/SwiftLint"."platforms.linux-arm64-musl"]
checksum = "sha256:d5efcbed5ec1ca9eb7f833dfdd9f80f56289750b72582c7c1686b4528e182454"
url = "https://github.com/realm/SwiftLint/releases/download/0.63.3/swiftlint_linux_arm64.zip"

[tools."aqua:realm/SwiftLint"."platforms.linux-x64"]
checksum = "sha256:26db741d43f2f2dc26c0cf16911100a3e186c3d1dbb59e55ad3ac87b0de4538f"
url = "https://github.com/realm/SwiftLint/releases/download/0.63.3/swiftlint_linux_amd64.zip"

[tools."aqua:realm/SwiftLint"."platforms.linux-x64-musl"]
checksum = "sha256:26db741d43f2f2dc26c0cf16911100a3e186c3d1dbb59e55ad3ac87b0de4538f"
url = "https://github.com/realm/SwiftLint/releases/download/0.63.3/swiftlint_linux_amd64.zip"

[tools."aqua:realm/SwiftLint"."platforms.macos-arm64"]
checksum = "sha256:fb045e85e7cb3374f42a4840b6b85a0106302afa69035c0c6f29af4a44c810b6"
url = "https://github.com/realm/SwiftLint/releases/download/0.63.3/portable_swiftlint.zip"

[tools."aqua:realm/SwiftLint"."platforms.macos-x64"]
checksum = "sha256:fb045e85e7cb3374f42a4840b6b85a0106302afa69035c0c6f29af4a44c810b6"
url = "https://github.com/realm/SwiftLint/releases/download/0.63.3/portable_swiftlint.zip"

[[tools."aqua:rhysd/actionlint"]]
version = "1.7.12"
backend = "aqua:rhysd/actionlint"

[tools."aqua:rhysd/actionlint"."platforms.linux-arm64"]
checksum = "sha256:325e971b6ba9bfa504672e29be93c24981eeb1c07576d730e9f7c8805afff0c6"
url = "https://github.com/rhysd/actionlint/releases/download/v1.7.12/actionlint_1.7.12_linux_arm64.tar.gz"
provenance = "github-attestations"

[tools."aqua:rhysd/actionlint"."platforms.linux-arm64-musl"]
checksum = "sha256:325e971b6ba9bfa504672e29be93c24981eeb1c07576d730e9f7c8805afff0c6"
url = "https://github.com/rhysd/actionlint/releases/download/v1.7.12/actionlint_1.7.12_linux_arm64.tar.gz"
provenance = "github-attestations"

[tools."aqua:rhysd/actionlint"."platforms.linux-x64"]
checksum = "sha256:8aca8db96f1b94770f1b0d72b6dddcb1ebb8123cb3712530b08cc387b349a3d8"
url = "https://github.com/rhysd/actionlint/releases/download/v1.7.12/actionlint_1.7.12_linux_amd64.tar.gz"
provenance = "github-attestations"

[tools."aqua:rhysd/actionlint"."platforms.linux-x64-musl"]
checksum = "sha256:8aca8db96f1b94770f1b0d72b6dddcb1ebb8123cb3712530b08cc387b349a3d8"
url = "https://github.com/rhysd/actionlint/releases/download/v1.7.12/actionlint_1.7.12_linux_amd64.tar.gz"
provenance = "github-attestations"

[tools."aqua:rhysd/actionlint"."platforms.macos-arm64"]
checksum = "sha256:aba9ced2dee8d27fecca3dc7feb1a7f9a52caefa1eb46f3271ea66b6e0e6953f"
url = "https://github.com/rhysd/actionlint/releases/download/v1.7.12/actionlint_1.7.12_darwin_arm64.tar.gz"
provenance = "github-attestations"

[tools."aqua:rhysd/actionlint"."platforms.macos-x64"]
checksum = "sha256:5b44c3bc2255115c9b69e30efc0fecdf498fdb63c5d58e17084fd5f16324c644"
url = "https://github.com/rhysd/actionlint/releases/download/v1.7.12/actionlint_1.7.12_darwin_amd64.tar.gz"
provenance = "github-attestations"

[tools."aqua:rhysd/actionlint"."platforms.windows-arm64"]
checksum = "sha256:cadcf7ea4efe3a68728893813643cebe1185e5b1d4be5b96245f65c9a4d5ea41"
url = "https://github.com/rhysd/actionlint/releases/download/v1.7.12/actionlint_1.7.12_windows_arm64.zip"
provenance = "github-attestations"

[tools."aqua:rhysd/actionlint"."platforms.windows-x64"]
checksum = "sha256:6e7241b51e6817ea6a047693d8e6fed13b31819c9a0dd6c5a726e1592d22f6e9"
url = "https://github.com/rhysd/actionlint/releases/download/v1.7.12/actionlint_1.7.12_windows_amd64.zip"
provenance = "github-attestations"

[[tools."github:EmbarkStudios/cargo-deny"]]
version = "0.19.7"
backend = "github:EmbarkStudios/cargo-deny"

[tools."github:EmbarkStudios/cargo-deny"."platforms.linux-arm64"]
checksum = "sha256:9f3a651814e5db861088e610571e4a0bbc8c5da89f07c5267a1cbd8381087095"
url = "https://github.com/EmbarkStudios/cargo-deny/releases/download/0.19.7/cargo-deny-0.19.7-aarch64-unknown-linux-musl.tar.gz"
url_api = "https://api.github.com/repos/EmbarkStudios/cargo-deny/releases/assets/426881935"

[tools."github:EmbarkStudios/cargo-deny"."platforms.linux-arm64-musl"]
checksum = "sha256:9f3a651814e5db861088e610571e4a0bbc8c5da89f07c5267a1cbd8381087095"
url = "https://github.com/EmbarkStudios/cargo-deny/releases/download/0.19.7/cargo-deny-0.19.7-aarch64-unknown-linux-musl.tar.gz"
url_api = "https://api.github.com/repos/EmbarkStudios/cargo-deny/releases/assets/426881935"

[tools."github:EmbarkStudios/cargo-deny"."platforms.linux-x64"]
checksum = "sha256:c59ad86eb8b545c4b7b9833c074094fce4a99886f741e4286adec15870c0a726"
url = "https://github.com/EmbarkStudios/cargo-deny/releases/download/0.19.7/cargo-deny-0.19.7-x86_64-unknown-linux-musl.tar.gz"
url_api = "https://api.github.com/repos/EmbarkStudios/cargo-deny/releases/assets/426881808"

[tools."github:EmbarkStudios/cargo-deny"."platforms.linux-x64-musl"]
checksum = "sha256:c59ad86eb8b545c4b7b9833c074094fce4a99886f741e4286adec15870c0a726"
url = "https://github.com/EmbarkStudios/cargo-deny/releases/download/0.19.7/cargo-deny-0.19.7-x86_64-unknown-linux-musl.tar.gz"
url_api = "https://api.github.com/repos/EmbarkStudios/cargo-deny/releases/assets/426881808"

[tools."github:EmbarkStudios/cargo-deny"."platforms.macos-arm64"]
checksum = "sha256:04d193272b5369f967b9d5202688c2dcd3e6b07da90948c96b6c49e63433d3df"
url = "https://github.com/EmbarkStudios/cargo-deny/releases/download/0.19.7/cargo-deny-0.19.7-aarch64-apple-darwin.tar.gz"
url_api = "https://api.github.com/repos/EmbarkStudios/cargo-deny/releases/assets/426881803"

[tools."github:EmbarkStudios/cargo-deny"."platforms.macos-x64"]
checksum = "sha256:9b9da6e8168cb26d719c0bd4adab57c73fa6741dc5be38dde615e4c2b347d248"
url = "https://github.com/EmbarkStudios/cargo-deny/releases/download/0.19.7/cargo-deny-0.19.7-x86_64-apple-darwin.tar.gz"
url_api = "https://api.github.com/repos/EmbarkStudios/cargo-deny/releases/assets/426881552"

[tools."github:EmbarkStudios/cargo-deny"."platforms.windows-x64"]
checksum = "sha256:1540d9e8d98229733a43ae041ec3b71bd700d7e139183118095284b3fe62ca8b"
url = "https://github.com/EmbarkStudios/cargo-deny/releases/download/0.19.7/cargo-deny-0.19.7-x86_64-pc-windows-msvc.tar.gz"
url_api = "https://api.github.com/repos/EmbarkStudios/cargo-deny/releases/assets/426883382"

[[tools."github:apernet/hysteria"]]
version = "2.9.2"
backend = "github:apernet/hysteria"

[tools."github:apernet/hysteria".options]
asset_pattern = "hysteria-darwin-arm64"
version_prefix = "app/v"

[tools."github:apernet/hysteria"."platforms.macos-arm64"]
checksum = "sha256:a08b087f4a7544d07e6dd94280bc1baa23f6ab67d314e4578aa717209917b3eb"
url = "https://github.com/apernet/hysteria/releases/download/app/v2.9.2/hysteria-darwin-arm64"
url_api = "https://api.github.com/repos/apernet/hysteria/releases/assets/427641769"

[[tools."github:apernet/hysteria"]]
version = "2.9.2"
backend = "github:apernet/hysteria"

[tools."github:apernet/hysteria".options]
asset_pattern = "hysteria-linux-arm64"
version_prefix = "app/v"

[[tools."github:apernet/hysteria"]]
version = "2.9.2"
backend = "github:apernet/hysteria"

[tools."github:apernet/hysteria".options]
asset_pattern = "hysteria-linux-amd64"
version_prefix = "app/v"

[[tools."github:apernet/hysteria"]]
version = "2.9.2"
backend = "github:apernet/hysteria"

[tools."github:apernet/hysteria".options]
asset_pattern = "hysteria-windows-arm64.exe"
version_prefix = "app/v"

[[tools."github:apernet/hysteria"]]
version = "2.9.2"
backend = "github:apernet/hysteria"

[tools."github:apernet/hysteria".options]
asset_pattern = "hysteria-windows-amd64.exe"
version_prefix = "app/v"

[[tools."github:apernet/hysteria"]]
version = "2.9.2"
backend = "github:apernet/hysteria"

[tools."github:apernet/hysteria".options]
asset_pattern = "hysteria-darwin-amd64"
version_prefix = "app/v"

[[tools."github:detekt/detekt"]]
version = "1.23.8"
backend = "github:detekt/detekt"

[tools."github:detekt/detekt".options]
asset_pattern = "detekt-cli-*.zip"
version_prefix = "v"

[tools."github:detekt/detekt"."platforms.linux-arm64"]
url = "https://github.com/detekt/detekt/releases/download/v1.23.8/detekt-cli-1.23.8.zip"
url_api = "https://api.github.com/repos/detekt/detekt/releases/assets/231650829"

[tools."github:detekt/detekt"."platforms.linux-arm64-musl"]
url = "https://github.com/detekt/detekt/releases/download/v1.23.8/detekt-cli-1.23.8.zip"
url_api = "https://api.github.com/repos/detekt/detekt/releases/assets/231650829"

[tools."github:detekt/detekt"."platforms.linux-x64"]
url = "https://github.com/detekt/detekt/releases/download/v1.23.8/detekt-cli-1.23.8.zip"
url_api = "https://api.github.com/repos/detekt/detekt/releases/assets/231650829"

[tools."github:detekt/detekt"."platforms.linux-x64-musl"]
url = "https://github.com/detekt/detekt/releases/download/v1.23.8/detekt-cli-1.23.8.zip"
url_api = "https://api.github.com/repos/detekt/detekt/releases/assets/231650829"

[tools."github:detekt/detekt"."platforms.macos-arm64"]
checksum = "blake3:2eb4ed043ac0a781ccc01afc409d797ec4d9f247395b82cdc18e2b4e411af6af"
url = "https://github.com/detekt/detekt/releases/download/v1.23.8/detekt-cli-1.23.8.zip"
url_api = "https://api.github.com/repos/detekt/detekt/releases/assets/231650829"

[tools."github:detekt/detekt"."platforms.macos-x64"]
url = "https://github.com/detekt/detekt/releases/download/v1.23.8/detekt-cli-1.23.8.zip"
url_api = "https://api.github.com/repos/detekt/detekt/releases/assets/231650829"

[tools."github:detekt/detekt"."platforms.windows-arm64"]
url = "https://github.com/detekt/detekt/releases/download/v1.23.8/detekt-cli-1.23.8.zip"
url_api = "https://api.github.com/repos/detekt/detekt/releases/assets/231650829"

[tools."github:detekt/detekt"."platforms.windows-x64"]
url = "https://github.com/detekt/detekt/releases/download/v1.23.8/detekt-cli-1.23.8.zip"
url_api = "https://api.github.com/repos/detekt/detekt/releases/assets/231650829"

[[tools."github:mikefarah/yq"]]
version = "4.53.2"
backend = "github:mikefarah/yq"

[tools."github:mikefarah/yq"."platforms.linux-arm64"]
checksum = "sha256:c8180249ff9ff0577f4976c4481d0d0962d170d24ab390d325ef0be608df5706"
url = "https://github.com/mikefarah/yq/releases/download/v4.53.2/yq_linux_arm64.tar.gz"
url_api = "https://api.github.com/repos/mikefarah/yq/releases/assets/398368435"
provenance = "github-attestations"

[tools."github:mikefarah/yq"."platforms.linux-arm64-musl"]
checksum = "sha256:c8180249ff9ff0577f4976c4481d0d0962d170d24ab390d325ef0be608df5706"
url = "https://github.com/mikefarah/yq/releases/download/v4.53.2/yq_linux_arm64.tar.gz"
url_api = "https://api.github.com/repos/mikefarah/yq/releases/assets/398368435"
provenance = "github-attestations"

[tools."github:mikefarah/yq"."platforms.linux-x64"]
checksum = "sha256:44c3c6df6c58ef1460d98425954ca5e832926e0e8a1d75c5c8fd261691351510"
url = "https://github.com/mikefarah/yq/releases/download/v4.53.2/yq_linux_amd64.tar.gz"
url_api = "https://api.github.com/repos/mikefarah/yq/releases/assets/398368443"
provenance = "github-attestations"

[tools."github:mikefarah/yq"."platforms.linux-x64-musl"]
checksum = "sha256:44c3c6df6c58ef1460d98425954ca5e832926e0e8a1d75c5c8fd261691351510"
url = "https://github.com/mikefarah/yq/releases/download/v4.53.2/yq_linux_amd64.tar.gz"
url_api = "https://api.github.com/repos/mikefarah/yq/releases/assets/398368443"
provenance = "github-attestations"

[tools."github:mikefarah/yq"."platforms.macos-arm64"]
checksum = "sha256:f135c0c60edd5ded11bc418d12711c259795b17501112e843e93e7a3959a3d41"
url = "https://github.com/mikefarah/yq/releases/download/v4.53.2/yq_darwin_arm64.tar.gz"
url_api = "https://api.github.com/repos/mikefarah/yq/releases/assets/398368451"
provenance = "github-attestations"

[tools."github:mikefarah/yq"."platforms.macos-x64"]
checksum = "sha256:48bc2dbb33f456efaf639e1e573b8e5a654701c2e92ef231e691c3971d5d4a5e"
url = "https://github.com/mikefarah/yq/releases/download/v4.53.2/yq_darwin_amd64.tar.gz"
url_api = "https://api.github.com/repos/mikefarah/yq/releases/assets/398368452"
provenance = "github-attestations"

[tools."github:mikefarah/yq"."platforms.windows-arm64"]
checksum = "sha256:56d0bdb53369d0f04bc3d769fa6de60d030f2f0f83463b3072518472d7ab1346"
url = "https://github.com/mikefarah/yq/releases/download/v4.53.2/yq_windows_arm64.zip"
url_api = "https://api.github.com/repos/mikefarah/yq/releases/assets/398368400"
provenance = "github-attestations"

[tools."github:mikefarah/yq"."platforms.windows-x64"]
checksum = "sha256:63e24aac0a75b760a491002b4bbeb7078f5ec1a0c868ec60fa0f525abecd6037"
url = "https://github.com/mikefarah/yq/releases/download/v4.53.2/yq_windows_amd64.zip"
url_api = "https://api.github.com/repos/mikefarah/yq/releases/assets/398368401"
provenance = "github-attestations"

[[tools."github:mozilla/sccache"]]
version = "0.12.0"
backend = "github:mozilla/sccache"

[tools."github:mozilla/sccache".options]
asset_pattern = "sccache-v*-aarch64-apple-darwin.tar.gz"

[tools."github:mozilla/sccache"."platforms.macos-arm64"]
checksum = "sha256:4d5281f8760963347b29b9ca4ab1dbde99712c17329619fc9cecba1577ccc8d2"
url = "https://github.com/mozilla/sccache/releases/download/v0.12.0/sccache-v0.12.0-aarch64-apple-darwin.tar.gz"
url_api = "https://api.github.com/repos/mozilla/sccache/releases/assets/306639966"

[[tools."github:mozilla/sccache"]]
version = "0.12.0"
backend = "github:mozilla/sccache"

[tools."github:mozilla/sccache".options]
asset_pattern = "sccache-v*-aarch64-unknown-linux-musl.tar.gz"

[[tools."github:mozilla/sccache"]]
version = "0.12.0"
backend = "github:mozilla/sccache"

[tools."github:mozilla/sccache".options]
asset_pattern = "sccache-v*-x86_64-unknown-linux-musl.tar.gz"

[[tools."github:mozilla/sccache"]]
version = "0.12.0"
backend = "github:mozilla/sccache"

[tools."github:mozilla/sccache".options]
asset_pattern = "sccache-v*-x86_64-pc-windows-msvc.tar.gz"

[[tools."github:mozilla/sccache"]]
version = "0.12.0"
backend = "github:mozilla/sccache"

[tools."github:mozilla/sccache".options]
asset_pattern = "sccache-v*-aarch64-pc-windows-msvc.tar.gz"

[[tools."github:mozilla/sccache"]]
version = "0.12.0"
backend = "github:mozilla/sccache"

[tools."github:mozilla/sccache".options]
asset_pattern = "sccache-v*-x86_64-apple-darwin.tar.gz"

[[tools."github:mstange/samply"]]
version = "0.13.1"
backend = "github:mstange/samply"

[tools."github:mstange/samply".options]
version_prefix = "samply-v"

[tools."github:mstange/samply"."platforms.linux-arm64"]
checksum = "sha256:aa465162b62830168775b7ff4804bc35049436dcbc29bb3d1ea9f580380ea06a"
url = "https://github.com/mstange/samply/releases/download/samply-v0.13.1/samply-aarch64-unknown-linux-gnu.tar.xz"
url_api = "https://api.github.com/repos/mstange/samply/releases/assets/225379066"

[tools."github:mstange/samply"."platforms.linux-arm64-musl"]
checksum = "sha256:aa465162b62830168775b7ff4804bc35049436dcbc29bb3d1ea9f580380ea06a"
url = "https://github.com/mstange/samply/releases/download/samply-v0.13.1/samply-aarch64-unknown-linux-gnu.tar.xz"
url_api = "https://api.github.com/repos/mstange/samply/releases/assets/225379066"

[tools."github:mstange/samply"."platforms.linux-x64"]
checksum = "sha256:61875daad67888798690dea3cb2748279df6ac299c5c6a857d67eed7642473d9"
url = "https://github.com/mstange/samply/releases/download/samply-v0.13.1/samply-x86_64-unknown-linux-gnu.tar.xz"
url_api = "https://api.github.com/repos/mstange/samply/releases/assets/225379074"

[tools."github:mstange/samply"."platforms.linux-x64-musl"]
checksum = "sha256:691f48f3b3ece38d6fc0d93ce2143fd8ca5621fe627ebc4c13f1f0081fcb6480"
url = "https://github.com/mstange/samply/releases/download/samply-v0.13.1/samply-x86_64-unknown-linux-musl.tar.xz"
url_api = "https://api.github.com/repos/mstange/samply/releases/assets/225379076"

[tools."github:mstange/samply"."platforms.macos-arm64"]
checksum = "sha256:7597239aa3769e75058be5ed359dbfe067f5e7714a5f052c45dd81d509aec17f"
url = "https://github.com/mstange/samply/releases/download/samply-v0.13.1/samply-aarch64-apple-darwin.tar.xz"
url_api = "https://api.github.com/repos/mstange/samply/releases/assets/225379067"

[tools."github:mstange/samply"."platforms.macos-x64"]
checksum = "sha256:a57f05f9162d06c36df6d51425d976ac774a8cd6dbd84050e6303fa8bf813998"
url = "https://github.com/mstange/samply/releases/download/samply-v0.13.1/samply-x86_64-apple-darwin.tar.xz"
url_api = "https://api.github.com/repos/mstange/samply/releases/assets/225379070"

[tools."github:mstange/samply"."platforms.windows-arm64"]
checksum = "sha256:0236cda0bf5f8f7022b16be4cc1133217090430e3e4db704292b13bbc0cd60c9"
url = "https://github.com/mstange/samply/releases/download/samply-v0.13.1/source.tar.gz"
url_api = "https://api.github.com/repos/mstange/samply/releases/assets/225379079"

[tools."github:mstange/samply"."platforms.windows-x64"]
checksum = "sha256:8fed74dac18197bbb2520125b0199255e09709bed7903a7672a06225a5d7e976"
url = "https://github.com/mstange/samply/releases/download/samply-v0.13.1/samply-x86_64-pc-windows-msvc.zip"
url_api = "https://api.github.com/repos/mstange/samply/releases/assets/225379071"

[[tools."github:nextest-rs/nextest"]]
version = "0.9.136"
backend = "github:nextest-rs/nextest"

[tools."github:nextest-rs/nextest".options]
version_prefix = "cargo-nextest-"

[tools."github:nextest-rs/nextest"."platforms.linux-arm64"]
checksum = "sha256:2a6d9e1dd07b56b4bbe03b73778615dbff2f623e54c8dd4fa9642901e11494ee"
url = "https://github.com/nextest-rs/nextest/releases/download/cargo-nextest-0.9.136/cargo-nextest-0.9.136-aarch64-unknown-linux-gnu.tar.gz"
url_api = "https://api.github.com/repos/nextest-rs/nextest/releases/assets/422173963"
provenance = "github-attestations"

[tools."github:nextest-rs/nextest"."platforms.linux-arm64-musl"]
checksum = "sha256:36f72249f7583909598e239dbb6d3092ac300b02d067c994e9b10c9c6e8076cf"
url = "https://github.com/nextest-rs/nextest/releases/download/cargo-nextest-0.9.136/cargo-nextest-0.9.136-aarch64-unknown-linux-musl.tar.gz"
url_api = "https://api.github.com/repos/nextest-rs/nextest/releases/assets/422173803"
provenance = "github-attestations"

[tools."github:nextest-rs/nextest"."platforms.linux-x64"]
checksum = "sha256:a098eed56f2dd88c7fdca1e554a6b99fa1ffbd2a7a1c41b865700112981f6f52"
url = "https://github.com/nextest-rs/nextest/releases/download/cargo-nextest-0.9.136/cargo-nextest-0.9.136-x86_64-unknown-linux-gnu.tar.gz"
url_api = "https://api.github.com/repos/nextest-rs/nextest/releases/assets/422173551"
provenance = "github-attestations"

[tools."github:nextest-rs/nextest"."platforms.linux-x64-musl"]
checksum = "sha256:91fa94ff0b41fb31f28a7aa6ed95e5ee8bc6b034708f652e78851ff276710b10"
url = "https://github.com/nextest-rs/nextest/releases/download/cargo-nextest-0.9.136/cargo-nextest-0.9.136-x86_64-unknown-linux-musl.tar.gz"
url_api = "https://api.github.com/repos/nextest-rs/nextest/releases/assets/422174599"
provenance = "github-attestations"

[tools."github:nextest-rs/nextest"."platforms.macos-arm64"]
checksum = "sha256:905fa8b5150caa012b182f6e1b9234c62aed8290883f848e7416f974faada4ce"
url = "https://github.com/nextest-rs/nextest/releases/download/cargo-nextest-0.9.136/cargo-nextest-0.9.136-universal-apple-darwin.tar.gz"
url_api = "https://api.github.com/repos/nextest-rs/nextest/releases/assets/422173493"
provenance = "github-attestations"

[tools."github:nextest-rs/nextest"."platforms.macos-x64"]
checksum = "sha256:905fa8b5150caa012b182f6e1b9234c62aed8290883f848e7416f974faada4ce"
url = "https://github.com/nextest-rs/nextest/releases/download/cargo-nextest-0.9.136/cargo-nextest-0.9.136-universal-apple-darwin.tar.gz"
url_api = "https://api.github.com/repos/nextest-rs/nextest/releases/assets/422173493"
provenance = "github-attestations"

[tools."github:nextest-rs/nextest"."platforms.windows-arm64"]
checksum = "sha256:4867528c0a341e5217bc2d6d6c6239706f67237540ca954fcf514d9f7b8dfe99"
url = "https://github.com/nextest-rs/nextest/releases/download/cargo-nextest-0.9.136/cargo-nextest-0.9.136-aarch64-pc-windows-msvc.zip"
url_api = "https://api.github.com/repos/nextest-rs/nextest/releases/assets/422177926"
provenance = "github-attestations"

[tools."github:nextest-rs/nextest"."platforms.windows-x64"]
checksum = "sha256:fb865364e50c15e7be084f84f18e15dde96c6b0d8022cc7d6445f2a3761cda6e"
url = "https://github.com/nextest-rs/nextest/releases/download/cargo-nextest-0.9.136/cargo-nextest-0.9.136-x86_64-pc-windows-msvc.zip"
url_api = "https://api.github.com/repos/nextest-rs/nextest/releases/assets/422178744"
provenance = "github-attestations"

[[tools."github:nicklockwood/SwiftFormat"]]
version = "0.61.1"
backend = "github:nicklockwood/SwiftFormat"

[tools."github:nicklockwood/SwiftFormat"."platforms.linux-x64-musl"]
checksum = "sha256:7bc8706e3fd51963f1f29eb99098ebdf482f3497fa527c68e6cf75cbee29c77a"
url = "https://github.com/nicklockwood/SwiftFormat/releases/download/0.61.1/swiftformat_linux.zip"
url_api = "https://api.github.com/repos/nicklockwood/SwiftFormat/releases/assets/406639796"

[tools."github:nicklockwood/SwiftFormat"."platforms.macos-arm64"]
checksum = "sha256:b990400779aceb7d7020796eb9ba814d4480543f671d38fc0ff48cb72f04c584"
url = "https://github.com/nicklockwood/SwiftFormat/releases/download/0.61.1/swiftformat.zip"
url_api = "https://api.github.com/repos/nicklockwood/SwiftFormat/releases/assets/406639783"

[[tools."github:taiki-e/cargo-llvm-cov"]]
version = "0.8.7"
backend = "github:taiki-e/cargo-llvm-cov"

[tools."github:taiki-e/cargo-llvm-cov"."platforms.linux-arm64"]
checksum = "sha256:8f399d84993d13998b63fbe1084377713c719b00655c7d88d5b56c8c29105d90"
url = "https://github.com/taiki-e/cargo-llvm-cov/releases/download/v0.8.7/cargo-llvm-cov-aarch64-unknown-linux-gnu.tar.gz"
url_api = "https://api.github.com/repos/taiki-e/cargo-llvm-cov/releases/assets/418861766"
provenance = "github-attestations"

[tools."github:taiki-e/cargo-llvm-cov"."platforms.linux-arm64-musl"]
checksum = "sha256:b7bb2ad514166f3b19fc06874c577eefde0010e5ac571f9ae33ff45cd19a4785"
url = "https://github.com/taiki-e/cargo-llvm-cov/releases/download/v0.8.7/cargo-llvm-cov-aarch64-unknown-linux-musl.tar.gz"
url_api = "https://api.github.com/repos/taiki-e/cargo-llvm-cov/releases/assets/418861713"
provenance = "github-attestations"

[tools."github:taiki-e/cargo-llvm-cov"."platforms.linux-x64"]
checksum = "sha256:9a75fe29538d3800b3da57f6f6efb64cba5c720a257bf0cb8b51f39d495a9168"
url = "https://github.com/taiki-e/cargo-llvm-cov/releases/download/v0.8.7/cargo-llvm-cov-x86_64-unknown-linux-gnu.tar.gz"
url_api = "https://api.github.com/repos/taiki-e/cargo-llvm-cov/releases/assets/418861574"
provenance = "github-attestations"

[tools."github:taiki-e/cargo-llvm-cov"."platforms.linux-x64-musl"]
checksum = "sha256:967b5cc996c29d8baa52bbb4595ef1f53af35255af8e2036ddbc6468d7b523c7"
url = "https://github.com/taiki-e/cargo-llvm-cov/releases/download/v0.8.7/cargo-llvm-cov-x86_64-unknown-linux-musl.tar.gz"
url_api = "https://api.github.com/repos/taiki-e/cargo-llvm-cov/releases/assets/418861752"
provenance = "github-attestations"

[tools."github:taiki-e/cargo-llvm-cov"."platforms.macos-arm64"]
checksum = "sha256:3efee732ed7e9a653e20d96c930e0ec799901289cce90f46bb20f627e2c0d2e9"
url = "https://github.com/taiki-e/cargo-llvm-cov/releases/download/v0.8.7/cargo-llvm-cov-aarch64-apple-darwin.tar.gz"
url_api = "https://api.github.com/repos/taiki-e/cargo-llvm-cov/releases/assets/418861557"
provenance = "github-attestations"

[tools."github:taiki-e/cargo-llvm-cov"."platforms.macos-x64"]
checksum = "sha256:288ce0cb976207a9a1ad5af4d7ec9a06c9af116727066fb2287df8d9d1026be9"
url = "https://github.com/taiki-e/cargo-llvm-cov/releases/download/v0.8.7/cargo-llvm-cov-x86_64-apple-darwin.tar.gz"
url_api = "https://api.github.com/repos/taiki-e/cargo-llvm-cov/releases/assets/418861642"
provenance = "github-attestations"

[tools."github:taiki-e/cargo-llvm-cov"."platforms.windows-arm64"]
checksum = "sha256:a9788b36bb9155aec611d9a9dfd0f42dc66914b43d89de3e6c82a968b16e0870"
url = "https://github.com/taiki-e/cargo-llvm-cov/releases/download/v0.8.7/cargo-llvm-cov-aarch64-pc-windows-msvc.zip"
url_api = "https://api.github.com/repos/taiki-e/cargo-llvm-cov/releases/assets/418862224"
provenance = "github-attestations"

[tools."github:taiki-e/cargo-llvm-cov"."platforms.windows-x64"]
checksum = "sha256:582ef094174b2c419fba356e561209c2b612513b3609c66cdbdbde1d75e132dc"
url = "https://github.com/taiki-e/cargo-llvm-cov/releases/download/v0.8.7/cargo-llvm-cov-x86_64-pc-windows-msvc.zip"
url_api = "https://api.github.com/repos/taiki-e/cargo-llvm-cov/releases/assets/418863336"
provenance = "github-attestations"

[[tools.node]]
version = "24.16.0"
backend = "core:node"

[tools.node."platforms.linux-arm64"]
checksum = "sha256:589f5b6dd4fcfee4dfda73013903c966abaa8abd93dbc9d436544e472b4f0e74"
url = "https://nodejs.org/dist/v24.16.0/node-v24.16.0-linux-arm64.tar.gz"

[tools.node."platforms.linux-arm64-musl"]
checksum = "sha256:85dde27aa73503b03dadfa0410a800067b4e3f702fb7fcaa3beaf284dfcc69e9"
url = "https://unofficial-builds.nodejs.org/download/release/v24.16.0/node-v24.16.0-linux-arm64-musl.tar.gz"

[tools.node."platforms.linux-x64"]
checksum = "sha256:2faf6a387e9b62b888e21c54f01249fb27537ffecf1842f29f4c919d0a59a0ff"
url = "https://nodejs.org/dist/v24.16.0/node-v24.16.0-linux-x64.tar.gz"

[tools.node."platforms.linux-x64-musl"]
checksum = "sha256:50df5d8d474892d4f7b906167df36f77f5b93908f63dc532dc568219cab65841"
url = "https://unofficial-builds.nodejs.org/download/release/v24.16.0/node-v24.16.0-linux-x64-musl.tar.gz"

[tools.node."platforms.macos-arm64"]
checksum = "sha256:39189dab4eeb15706c424af0ac08a3044c9e48f7db12a7d77f6b7aafc7dd5df6"
url = "https://nodejs.org/dist/v24.16.0/node-v24.16.0-darwin-arm64.tar.gz"

[tools.node."platforms.macos-x64"]
checksum = "sha256:298b4c7b3cb80765c8703e42b90324a4ece3b6634947b89e769c3c980ab55185"
url = "https://nodejs.org/dist/v24.16.0/node-v24.16.0-darwin-x64.tar.gz"

[tools.node."platforms.windows-arm64"]
checksum = "sha256:14834611d4c6b3c06054e7007732b90474c16e0b32f395e05b55a571ef71c6d2"
url = "https://nodejs.org/dist/v24.16.0/node-v24.16.0-win-arm64.zip"

[tools.node."platforms.windows-x64"]
checksum = "sha256:edaca9bd58ec8e92037dac4e877d52f6b8f430b81c18b57e264b4e2fb111cd56"
url = "https://nodejs.org/dist/v24.16.0/node-v24.16.0-win-x64.zip"

[[tools."npm:pnpm"]]
version = "11.2.2"
backend = "npm:pnpm"

[[tools.rust]]
version = "nightly-2026-05-24"
backend = "core:rust"
